
Microsoft Visual Studio Solution File, Format Version 12.00
# Visual Studio Version 17
VisualStudioVersion = 17.5.33530.505
MinimumVisualStudioVersion = 10.0.40219.1
Project("{9A19103F-16F7-4668-BE54-9A1E7A4F7556}") = "TGC.ConsoleBuilder", "TGC.ConsoleBuilder\TGC.ConsoleBuilder.csproj", "{511DD46A-72DF-493A-9856-E68081473916}"
EndProject
Project("{FAE04EC0-301F-11D3-BF4B-00C04F79EFBC}") = "TGC.ConsoleBuilder.TestConsole", "TGC.ConsoleBuilder.TestConsole\TGC.ConsoleBuilder.TestConsole.csproj", "{4C24A34D-BC5D-4F97-BCB1-CC14E9218A0E}"
EndProject
Project("{FAE04EC0-301F-11D3-BF4B-00C04F79EFBC}") = "TGC.ConsoleBuilder.Tests", "TGC.ConsoleBuilder.Tests\TGC.ConsoleBuilder.Tests.csproj", "{212682E6-418A-4813-A27D-69639783EAFF}"
EndProject
Global
	GlobalSection(SolutionConfigurationPlatforms) = preSolution
		Debug|Any CPU = Debug|Any CPU
		Release|Any CPU = Release|Any CPU
	EndGlobalSection
	GlobalSection(ProjectConfigurationPlatforms) = postSolution
		{511DD46A-72DF-493A-9856-E68081473916}.Debug|Any CPU.ActiveCfg = Debug|Any CPU
		{511DD46A-72DF-493A-9856-E68081473916}.Debug|Any CPU.Build.0 = Debug|Any CPU
		{511DD46A-72DF-493A-9856-E68081473916}.Release|Any CPU.ActiveCfg = Release|Any CPU
		{511DD46A-72DF-493A-9856-E68081473916}.Release|Any CPU.Build.0 = Release|Any CPU
		{4C24A34D-BC5D-4F97-BCB1-CC14E9218A0E}.Debug|Any CPU.ActiveCfg = Debug|Any CPU
		{4C24A34D-BC5D-4F97-BCB1-CC14E9218A0E}.Debug|Any CPU.Build.0 = Debug|Any CPU
		{4C24A34D-BC5D-4F97-BCB1-CC14E9218A0E}.Release|Any CPU.ActiveCfg = Release|Any CPU
		{4C24A34D-BC5D-4F97-BCB1-CC14E9218A0E}.Release|Any CPU.Build.0 = Release|Any CPU
		{212682E6-418A-4813-A27D-69639783EAFF}.Debug|Any CPU.ActiveCfg = Debug|Any CPU
		{212682E6-418A-4813-A27D-69639783EAFF}.Debug|Any CPU.Build.0 = Debug|Any CPU
		{212682E6-418A-4813-A27D-69639783EAFF}.Release|Any CPU.ActiveCfg = Release|Any CPU
		{212682E6-418A-4813-A27D-69639783EAFF}.Release|Any CPU.Build.0 = Release|Any CPU
	EndGlobalSection
	GlobalSection(SolutionProperties) = preSolution
		HideSolutionNode = FALSE
	EndGlobalSection
	GlobalSection(ExtensibilityGlobals) = postSolution
		SolutionGuid = {08730EA1-1AC8-4B99-9447-17BFB418214E}
	EndGlobalSection
EndGlobal
