
Microsoft Visual Studio Solution File, Format Version 12.00
# Visual Studio Version 17
VisualStudioVersion = 17.5.33530.505
MinimumVisualStudioVersion = 10.0.40219.1
Project("{9A19103F-16F7-4668-BE54-9A1E7A4F7556}") = "TGC.Configuration", "TGC.Configuration\TGC.Configuration.csproj", "{6E2CAEA5-193E-4372-BC9F-19E62972CC86}"
EndProject
Project("{FAE04EC0-301F-11D3-BF4B-00C04F79EFBC}") = "TGC.Configuration.Tests", "TGC.Configuration.Tests\TGC.Configuration.Tests.csproj", "{11FA9905-5878-4B3C-AB7E-FEDBA259B4D5}"
EndProject
Global
	GlobalSection(SolutionConfigurationPlatforms) = preSolution
		Debug|Any CPU = Debug|Any CPU
		Release|Any CPU = Release|Any CPU
	EndGlobalSection
	GlobalSection(ProjectConfigurationPlatforms) = postSolution
		{6E2CAEA5-193E-4372-BC9F-19E62972CC86}.Debug|Any CPU.ActiveCfg = Debug|Any CPU
		{6E2CAEA5-193E-4372-BC9F-19E62972CC86}.Debug|Any CPU.Build.0 = Debug|Any CPU
		{6E2CAEA5-193E-4372-BC9F-19E62972CC86}.Release|Any CPU.ActiveCfg = Release|Any CPU
		{6E2CAEA5-193E-4372-BC9F-19E62972CC86}.Release|Any CPU.Build.0 = Release|Any CPU
		{11FA9905-5878-4B3C-AB7E-FEDBA259B4D5}.Debug|Any CPU.ActiveCfg = Debug|Any CPU
		{11FA9905-5878-4B3C-AB7E-FEDBA259B4D5}.Debug|Any CPU.Build.0 = Debug|Any CPU
		{11FA9905-5878-4B3C-AB7E-FEDBA259B4D5}.Release|Any CPU.ActiveCfg = Release|Any CPU
		{11FA9905-5878-4B3C-AB7E-FEDBA259B4D5}.Release|Any CPU.Build.0 = Release|Any CPU
	EndGlobalSection
	GlobalSection(SolutionProperties) = preSolution
		HideSolutionNode = FALSE
	EndGlobalSection
	GlobalSection(ExtensibilityGlobals) = postSolution
		SolutionGuid = {F8E9E46B-66F3-4F7B-8A02-D52CB862C1B3}
	EndGlobalSection
EndGlobal
