
Microsoft Visual Studio Solution File, Format Version 12.00
# Visual Studio Version 17
VisualStudioVersion = 17.4.33205.214
MinimumVisualStudioVersion = 10.0.40219.1
Project("{9A19103F-16F7-4668-BE54-9A1E7A4F7556}") = "TGC.WebApiBuilder", "TGC.WebApiBuilder\TGC.WebApiBuilder.csproj", "{FD1BBC99-25B4-49F7-A913-B4E66BC43DBC}"
EndProject
Project("{FAE04EC0-301F-11D3-BF4B-00C04F79EFBC}") = "TGC.WebApiBuilder.Tests", "TGC.WebApiBuilder.Tests\TGC.WebApiBuilder.Tests.csproj", "{E0324EFE-F89D-4F91-99C4-1BF9C9B1EE1E}"
EndProject
Global
	GlobalSection(SolutionConfigurationPlatforms) = preSolution
		Debug|Any CPU = Debug|Any CPU
		Release|Any CPU = Release|Any CPU
	EndGlobalSection
	GlobalSection(ProjectConfigurationPlatforms) = postSolution
		{FD1BBC99-25B4-49F7-A913-B4E66BC43DBC}.Debug|Any CPU.ActiveCfg = Debug|Any CPU
		{FD1BBC99-25B4-49F7-A913-B4E66BC43DBC}.Debug|Any CPU.Build.0 = Debug|Any CPU
		{FD1BBC99-25B4-49F7-A913-B4E66BC43DBC}.Release|Any CPU.ActiveCfg = Release|Any CPU
		{FD1BBC99-25B4-49F7-A913-B4E66BC43DBC}.Release|Any CPU.Build.0 = Release|Any CPU
		{E0324EFE-F89D-4F91-99C4-1BF9C9B1EE1E}.Debug|Any CPU.ActiveCfg = Debug|Any CPU
		{E0324EFE-F89D-4F91-99C4-1BF9C9B1EE1E}.Debug|Any CPU.Build.0 = Debug|Any CPU
		{E0324EFE-F89D-4F91-99C4-1BF9C9B1EE1E}.Release|Any CPU.ActiveCfg = Release|Any CPU
		{E0324EFE-F89D-4F91-99C4-1BF9C9B1EE1E}.Release|Any CPU.Build.0 = Release|Any CPU
	EndGlobalSection
	GlobalSection(SolutionProperties) = preSolution
		HideSolutionNode = FALSE
	EndGlobalSection
	GlobalSection(ExtensibilityGlobals) = postSolution
		SolutionGuid = {843CD588-01A9-46E7-94C5-D8C2255D966B}
	EndGlobalSection
EndGlobal
