
Microsoft Visual Studio Solution File, Format Version 12.00
# Visual Studio Version 17
VisualStudioVersion = 17.8.34330.188
MinimumVisualStudioVersion = 10.0.40219.1
Project("{FAE04EC0-301F-11D3-BF4B-00C04F79EFBC}") = "TGC.Core", "TGC.Core\TGC.Core.csproj", "{9EB2DB1B-577A-4B39-970C-FFE64E7D68C2}"
EndProject
Project("{FAE04EC0-301F-11D3-BF4B-00C04F79EFBC}") = "TGC.Core.TestAPI", "TGC.Core.TestAPI\TGC.Core.TestAPI.csproj", "{A1F0D43E-B7CA-446A-8608-2679AE02316B}"
EndProject
Global
	GlobalSection(SolutionConfigurationPlatforms) = preSolution
		Debug|Any CPU = Debug|Any CPU
		Release|Any CPU = Release|Any CPU
	EndGlobalSection
	GlobalSection(ProjectConfigurationPlatforms) = postSolution
		{9EB2DB1B-577A-4B39-970C-FFE64E7D68C2}.Debug|Any CPU.ActiveCfg = Debug|Any CPU
		{9EB2DB1B-577A-4B39-970C-FFE64E7D68C2}.Debug|Any CPU.Build.0 = Debug|Any CPU
		{9EB2DB1B-577A-4B39-970C-FFE64E7D68C2}.Release|Any CPU.ActiveCfg = Release|Any CPU
		{9EB2DB1B-577A-4B39-970C-FFE64E7D68C2}.Release|Any CPU.Build.0 = Release|Any CPU
		{A1F0D43E-B7CA-446A-8608-2679AE02316B}.Debug|Any CPU.ActiveCfg = Debug|Any CPU
		{A1F0D43E-B7CA-446A-8608-2679AE02316B}.Debug|Any CPU.Build.0 = Debug|Any CPU
		{A1F0D43E-B7CA-446A-8608-2679AE02316B}.Release|Any CPU.ActiveCfg = Release|Any CPU
		{A1F0D43E-B7CA-446A-8608-2679AE02316B}.Release|Any CPU.Build.0 = Release|Any CPU
	EndGlobalSection
	GlobalSection(SolutionProperties) = preSolution
		HideSolutionNode = FALSE
	EndGlobalSection
	GlobalSection(ExtensibilityGlobals) = postSolution
		SolutionGuid = {1410B591-B8D8-414D-84E2-F3BB62336AA9}
	EndGlobalSection
EndGlobal
