
Microsoft Visual Studio Solution File, Format Version 12.00
# Visual Studio Version 17
VisualStudioVersion = 17.5.33530.505
MinimumVisualStudioVersion = 10.0.40219.1
Project("{FAE04EC0-301F-11D3-BF4B-00C04F79EFBC}") = "TGC.Framework.SignalR", "TGC.Framework.SignalR\TGC.Framework.SignalR.csproj", "{955FD41F-3431-4561-81EF-DE051E858422}"
EndProject
Global
	GlobalSection(SolutionConfigurationPlatforms) = preSolution
		Debug|Any CPU = Debug|Any CPU
		Release|Any CPU = Release|Any CPU
	EndGlobalSection
	GlobalSection(ProjectConfigurationPlatforms) = postSolution
		{955FD41F-3431-4561-81EF-DE051E858422}.Debug|Any CPU.ActiveCfg = Debug|Any CPU
		{955FD41F-3431-4561-81EF-DE051E858422}.Debug|Any CPU.Build.0 = Debug|Any CPU
		{955FD41F-3431-4561-81EF-DE051E858422}.Release|Any CPU.ActiveCfg = Release|Any CPU
		{955FD41F-3431-4561-81EF-DE051E858422}.Release|Any CPU.Build.0 = Release|Any CPU
	EndGlobalSection
	GlobalSection(SolutionProperties) = preSolution
		HideSolutionNode = FALSE
	EndGlobalSection
	GlobalSection(ExtensibilityGlobals) = postSolution
		SolutionGuid = {F3F64B81-A311-467F-86F7-5F7FE4EEFEC0}
	EndGlobalSection
EndGlobal
