
Microsoft Visual Studio Solution File, Format Version 12.00
# Visual Studio Version 17
VisualStudioVersion = 17.4.33205.214
MinimumVisualStudioVersion = 10.0.40219.1
Project("{9A19103F-16F7-4668-BE54-9A1E7A4F7556}") = "TGC.EFCoreRepositories", "TGC.EFCoreRepositories\TGC.EFCoreRepositories.csproj", "{C6826040-AB42-452E-B311-CED195322E69}"
EndProject
Global
	GlobalSection(SolutionConfigurationPlatforms) = preSolution
		Debug|Any CPU = Debug|Any CPU
		Release|Any CPU = Release|Any CPU
	EndGlobalSection
	GlobalSection(ProjectConfigurationPlatforms) = postSolution
		{C6826040-AB42-452E-B311-CED195322E69}.Debug|Any CPU.ActiveCfg = Debug|Any CPU
		{C6826040-AB42-452E-B311-CED195322E69}.Debug|Any CPU.Build.0 = Debug|Any CPU
		{C6826040-AB42-452E-B311-CED195322E69}.Release|Any CPU.ActiveCfg = Release|Any CPU
		{C6826040-AB42-452E-B311-CED195322E69}.Release|Any CPU.Build.0 = Release|Any CPU
	EndGlobalSection
	GlobalSection(SolutionProperties) = preSolution
		HideSolutionNode = FALSE
	EndGlobalSection
	GlobalSection(ExtensibilityGlobals) = postSolution
		SolutionGuid = {21125564-892A-43CF-98D9-7AB1D535F1D7}
	EndGlobalSection
EndGlobal
